
Microsoft Visual Studio Solution File, Format Version 12.00
# Visual Studio 2013
VisualStudioVersion = 12.0.30501.0
MinimumVisualStudioVersion = 10.0.40219.1
Project("{FAE04EC0-301F-11D3-BF4B-00C04F79EFBC}") = "TaskShelf_www", "TaskShelf_www\TaskShelf_www.csproj", "{7458A940-7413-4A6E-889B-9A64B94DC013}"
EndProject
Project("{FAE04EC0-301F-11D3-BF4B-00C04F79EFBC}") = "database", "database\database.csproj", "{7A7D2A1A-C263-46C6-9FA6-144AD1D6010C}"
EndProject
Project("{FAE04EC0-301F-11D3-BF4B-00C04F79EFBC}") = "implementations", "implementations\implementations.csproj", "{0A048889-22C0-416B-A797-A37A20E303AD}"
EndProject
Project("{FAE04EC0-301F-11D3-BF4B-00C04F79EFBC}") = "tests", "tests\tests.csproj", "{BF36CFCB-7F45-445F-A872-B7B7C1614196}"
EndProject
Global
	GlobalSection(SolutionConfigurationPlatforms) = preSolution
		Debug|Any CPU = Debug|Any CPU
		Release|Any CPU = Release|Any CPU
	EndGlobalSection
	GlobalSection(ProjectConfigurationPlatforms) = postSolution
		{7458A940-7413-4A6E-889B-9A64B94DC013}.Debug|Any CPU.ActiveCfg = Debug|Any CPU
		{7458A940-7413-4A6E-889B-9A64B94DC013}.Debug|Any CPU.Build.0 = Debug|Any CPU
		{7458A940-7413-4A6E-889B-9A64B94DC013}.Release|Any CPU.ActiveCfg = Release|Any CPU
		{7458A940-7413-4A6E-889B-9A64B94DC013}.Release|Any CPU.Build.0 = Release|Any CPU
		{7A7D2A1A-C263-46C6-9FA6-144AD1D6010C}.Debug|Any CPU.ActiveCfg = Debug|Any CPU
		{7A7D2A1A-C263-46C6-9FA6-144AD1D6010C}.Debug|Any CPU.Build.0 = Debug|Any CPU
		{7A7D2A1A-C263-46C6-9FA6-144AD1D6010C}.Release|Any CPU.ActiveCfg = Release|Any CPU
		{7A7D2A1A-C263-46C6-9FA6-144AD1D6010C}.Release|Any CPU.Build.0 = Release|Any CPU
		{0A048889-22C0-416B-A797-A37A20E303AD}.Debug|Any CPU.ActiveCfg = Debug|Any CPU
		{0A048889-22C0-416B-A797-A37A20E303AD}.Debug|Any CPU.Build.0 = Debug|Any CPU
		{0A048889-22C0-416B-A797-A37A20E303AD}.Release|Any CPU.ActiveCfg = Release|Any CPU
		{0A048889-22C0-416B-A797-A37A20E303AD}.Release|Any CPU.Build.0 = Release|Any CPU
		{BF36CFCB-7F45-445F-A872-B7B7C1614196}.Debug|Any CPU.ActiveCfg = Debug|Any CPU
		{BF36CFCB-7F45-445F-A872-B7B7C1614196}.Debug|Any CPU.Build.0 = Debug|Any CPU
		{BF36CFCB-7F45-445F-A872-B7B7C1614196}.Release|Any CPU.ActiveCfg = Release|Any CPU
		{BF36CFCB-7F45-445F-A872-B7B7C1614196}.Release|Any CPU.Build.0 = Release|Any CPU
	EndGlobalSection
	GlobalSection(SolutionProperties) = preSolution
		HideSolutionNode = FALSE
	EndGlobalSection
EndGlobal
